
Microsoft Visual Studio Solution File, Format Version 12.00
# Visual Studio Version 16
VisualStudioVersion = 16.0.29324.140
MinimumVisualStudioVersion = 10.0.40219.1
Project("{FAE04EC0-301F-11D3-BF4B-00C04F79EFBC}") = "SamlNet", "SamlNet\SamlNet.csproj", "{762EA236-A4D6-4A0E-81DC-EB900CAA4823}"
EndProject
Global
	GlobalSection(SolutionConfigurationPlatforms) = preSolution
		Debug|Any CPU = Debug|Any CPU
		Release|Any CPU = Release|Any CPU
	EndGlobalSection
	GlobalSection(ProjectConfigurationPlatforms) = postSolution
		{762EA236-A4D6-4A0E-81DC-EB900CAA4823}.Debug|Any CPU.ActiveCfg = Debug|Any CPU
		{762EA236-A4D6-4A0E-81DC-EB900CAA4823}.Debug|Any CPU.Build.0 = Debug|Any CPU
		{762EA236-A4D6-4A0E-81DC-EB900CAA4823}.Release|Any CPU.ActiveCfg = Release|Any CPU
		{762EA236-A4D6-4A0E-81DC-EB900CAA4823}.Release|Any CPU.Build.0 = Release|Any CPU
	EndGlobalSection
	GlobalSection(SolutionProperties) = preSolution
		HideSolutionNode = FALSE
	EndGlobalSection
	GlobalSection(ExtensibilityGlobals) = postSolution
		SolutionGuid = {D647C9AB-1AB1-4570-B3BF-D681CE1FB5B0}
	EndGlobalSection
EndGlobal
